
Microsoft Visual Studio Solution File, Format Version 12.00
# Visual Studio Version 17
VisualStudioVersion = 17.3.32825.248
MinimumVisualStudioVersion = 10.0.40219.1
Project("{FAE04EC0-301F-11D3-BF4B-00C04F79EFBC}") = "zhibo.dpg", "zhibo.dpg\zhibo.dpg.csproj", "{9858A914-01CE-4374-93AF-1A35A987E4CD}"
EndProject
Project("{FAE04EC0-301F-11D3-BF4B-00C04F79EFBC}") = "test", "test\test.csproj", "{D9A526A3-45ED-4157-ABF3-3F6246469AA2}"
EndProject
Project("{FAE04EC0-301F-11D3-BF4B-00C04F79EFBC}") = "Byboy.LuckyDraw", "Byboy.LuckyDraw\Byboy.LuckyDraw.csproj", "{9BF4FC2A-6444-4D0B-A2AD-F3C968ECC549}"
EndProject
Global
	GlobalSection(SolutionConfigurationPlatforms) = preSolution
		Debug|Any CPU = Debug|Any CPU
		Release|Any CPU = Release|Any CPU
	EndGlobalSection
	GlobalSection(ProjectConfigurationPlatforms) = postSolution
		{9858A914-01CE-4374-93AF-1A35A987E4CD}.Debug|Any CPU.ActiveCfg = Debug|Any CPU
		{9858A914-01CE-4374-93AF-1A35A987E4CD}.Debug|Any CPU.Build.0 = Debug|Any CPU
		{9858A914-01CE-4374-93AF-1A35A987E4CD}.Release|Any CPU.ActiveCfg = Release|Any CPU
		{9858A914-01CE-4374-93AF-1A35A987E4CD}.Release|Any CPU.Build.0 = Release|Any CPU
		{D9A526A3-45ED-4157-ABF3-3F6246469AA2}.Debug|Any CPU.ActiveCfg = Debug|Any CPU
		{D9A526A3-45ED-4157-ABF3-3F6246469AA2}.Debug|Any CPU.Build.0 = Debug|Any CPU
		{D9A526A3-45ED-4157-ABF3-3F6246469AA2}.Release|Any CPU.ActiveCfg = Release|Any CPU
		{D9A526A3-45ED-4157-ABF3-3F6246469AA2}.Release|Any CPU.Build.0 = Release|Any CPU
		{9BF4FC2A-6444-4D0B-A2AD-F3C968ECC549}.Debug|Any CPU.ActiveCfg = Debug|Any CPU
		{9BF4FC2A-6444-4D0B-A2AD-F3C968ECC549}.Debug|Any CPU.Build.0 = Debug|Any CPU
		{9BF4FC2A-6444-4D0B-A2AD-F3C968ECC549}.Release|Any CPU.ActiveCfg = Release|Any CPU
		{9BF4FC2A-6444-4D0B-A2AD-F3C968ECC549}.Release|Any CPU.Build.0 = Release|Any CPU
	EndGlobalSection
	GlobalSection(SolutionProperties) = preSolution
		HideSolutionNode = FALSE
	EndGlobalSection
	GlobalSection(ExtensibilityGlobals) = postSolution
		SolutionGuid = {807A6F12-E55B-4E70-9F6A-4444B3EEA779}
	EndGlobalSection
EndGlobal
